# This file was autogenerated by Stack.
# You should not edit this file by hand.
# For more information, please see the documentation at:
#   https://docs.haskellstack.org/en/stable/topics/lock_files

packages:
- completed:
    name: betzac
    pantry-tree:
      sha256: 1a4bcf5024468d918cdbf5a52001ecbd93cdb263a4842b06f64ddb3137f4c6a6
      size: 1368
    sha256: 2c96121c7da4d8508f5f574d1e4952ef5c9adaf5053b40c68d377cb9ee0e32db
    size: 30360
    url: https://github.com/betza-lang/betzac/archive/26a886d957bd1d570cbba1cd9c9fa09c50f8e148.tar.gz
    version: 0.1.0.0
  original:
    url: https://github.com/betza-lang/betzac/archive/26a886d957bd1d570cbba1cd9c9fa09c50f8e148.tar.gz
snapshots:
- completed:
    sha256: 3c412a7c13dba6d3d808455a458e0776c58b6cf99b8a7961a2f5e55589d6f1d6
    size: 729011
    url: https://raw.githubusercontent.com/commercialhaskell/stackage-snapshots/master/lts/24/43.yaml
  original:
    url: https://raw.githubusercontent.com/commercialhaskell/stackage-snapshots/master/lts/24/43.yaml
